
Microsoft Visual Studio Solution File, Format Version 12.00
# Visual Studio Version 17
VisualStudioVersion = 17.5.33516.290
MinimumVisualStudioVersion = 10.0.40219.1
Project("{FAE04EC0-301F-11D3-BF4B-00C04F79EFBC}") = "ZipTester", "ZipTester\ZipTester.csproj", "{1C97C1E7-007E-4019-956C-093835E490F2}"
EndProject
Global
	GlobalSection(SolutionConfigurationPlatforms) = preSolution
		Debug|Any CPU = Debug|Any CPU
		Release|Any CPU = Release|Any CPU
	EndGlobalSection
	GlobalSection(ProjectConfigurationPlatforms) = postSolution
		{1C97C1E7-007E-4019-956C-093835E490F2}.Debug|Any CPU.ActiveCfg = Debug|Any CPU
		{1C97C1E7-007E-4019-956C-093835E490F2}.Debug|Any CPU.Build.0 = Debug|Any CPU
		{1C97C1E7-007E-4019-956C-093835E490F2}.Release|Any CPU.ActiveCfg = Release|Any CPU
		{1C97C1E7-007E-4019-956C-093835E490F2}.Release|Any CPU.Build.0 = Release|Any CPU
	EndGlobalSection
	GlobalSection(SolutionProperties) = preSolution
		HideSolutionNode = FALSE
	EndGlobalSection
	GlobalSection(ExtensibilityGlobals) = postSolution
		SolutionGuid = {5E725EED-177B-4ECF-94D1-404B65B8D4D7}
	EndGlobalSection
EndGlobal
